// !$*UTF8*$!
{
	archiveVersion = 1;
	classes = {
	};
	objectVersion = 46;
	objects = {

/* Begin PBXBuildFile section */
		B0F143C614A24CDB001A18BD /* UIKit.framework in Frameworks */ = {isa = PBXBuildFile; fileRef = B0F143C514A24CDB001A18BD /* UIKit.framework */; };
		B0F143C814A24CDB001A18BD /* Foundation.framework in Frameworks */ = {isa = PBXBuildFile; fileRef = B0F143C714A24CDB001A18BD /* Foundation.framework */; };
		B0F143CA14A24CDB001A18BD /* CoreGraphics.framework in Frameworks */ = {isa = PBXBuildFile; fileRef = B0F143C914A24CDB001A18BD /* CoreGraphics.framework */; };
		B0F143D014A24CDB001A18BD /* InfoPlist.strings in Resources */ = {isa = PBXBuildFile; fileRef = B0F143CE14A24CDB001A18BD /* InfoPlist.strings */; };
		B0F143D214A24CDB001A18BD /* main.m in Sources */ = {isa = PBXBuildFile; fileRef = B0F143D114A24CDB001A18BD /* main.m */; };
		B0F143D614A24CDB001A18BD /* VBAppDelegate.m in Sources */ = {isa = PBXBuildFile; fileRef = B0F143D514A24CDB001A18BD /* VBAppDelegate.m */; };
		B0F143D914A24CDB001A18BD /* MainStoryboard.storyboard in Resources */ = {isa = PBXBuildFile; fileRef = B0F143D714A24CDB001A18BD /* MainStoryboard.storyboard */; };
		B0F143DC14A24CDB001A18BD /* VBViewController.m in Sources */ = {isa = PBXBuildFile; fileRef = B0F143DB14A24CDB001A18BD /* VBViewController.m */; };
		B0F143E414A24CDB001A18BD /* SenTestingKit.framework in Frameworks */ = {isa = PBXBuildFile; fileRef = B0F143E314A24CDB001A18BD /* SenTestingKit.framework */; };
		B0F143E514A24CDB001A18BD /* UIKit.framework in Frameworks */ = {isa = PBXBuildFile; fileRef = B0F143C514A24CDB001A18BD /* UIKit.framework */; };
		B0F143E614A24CDB001A18BD /* Foundation.framework in Frameworks */ = {isa = PBXBuildFile; fileRef = B0F143C714A24CDB001A18BD /* Foundation.framework */; };
		B0F143EE14A24CDB001A18BD /* InfoPlist.strings in Resources */ = {isa = PBXBuildFile; fileRef = B0F143EC14A24CDB001A18BD /* InfoPlist.strings */; };
		B0F143F114A24CDB001A18BD /* TwitterIntegrationTests.m in Sources */ = {isa = PBXBuildFile; fileRef = B0F143F014A24CDB001A18BD /* TwitterIntegrationTests.m */; };
		B0F143FB14A24FB6001A18BD /* Twitter.framework in Frameworks */ = {isa = PBXBuildFile; fileRef = B0F143FA14A24FB6001A18BD /* Twitter.framework */; settings = {ATTRIBUTES = (Weak, ); }; };
		B0F143FD14A25897001A18BD /* MS_Monster_Guy_Fawkes.png in Resources */ = {isa = PBXBuildFile; fileRef = B0F143FC14A25897001A18BD /* MS_Monster_Guy_Fawkes.png */; };
/* End PBXBuildFile section */

/* Begin PBXContainerItemProxy section */
		B0F143E714A24CDB001A18BD /* PBXContainerItemProxy */ = {
			isa = PBXContainerItemProxy;
			containerPortal = B0F143B814A24CDA001A18BD /* Project object */;
			proxyType = 1;
			remoteGlobalIDString = B0F143C014A24CDB001A18BD;
			remoteInfo = TwitterIntegration;
		};
/* End PBXContainerItemProxy section */

/* Begin PBXFileReference section */
		B0F143C114A24CDB001A18BD /* TwitterIntegration.app */ = {isa = PBXFileReference; explicitFileType = wrapper.application; includeInIndex = 0; path = TwitterIntegration.app; sourceTree = BUILT_PRODUCTS_DIR; };
		B0F143C514A24CDB001A18BD /* UIKit.framework */ = {isa = PBXFileReference; lastKnownFileType = wrapper.framework; name = UIKit.framework; path = System/Library/Frameworks/UIKit.framework; sourceTree = SDKROOT; };
		B0F143C714A24CDB001A18BD /* Foundation.framework */ = {isa = PBXFileReference; lastKnownFileType = wrapper.framework; name = Foundation.framework; path = System/Library/Frameworks/Foundation.framework; sourceTree = SDKROOT; };
		B0F143C914A24CDB001A18BD /* CoreGraphics.framework */ = {isa = PBXFileReference; lastKnownFileType = wrapper.framework; name = CoreGraphics.framework; path = System/Library/Frameworks/CoreGraphics.framework; sourceTree = SDKROOT; };
		B0F143CD14A24CDB001A18BD /* TwitterIntegration-Info.plist */ = {isa = PBXFileReference; lastKnownFileType = text.plist.xml; path = "TwitterIntegration-Info.plist"; sourceTree = "<group>"; };
		B0F143CF14A24CDB001A18BD /* en */ = {isa = PBXFileReference; lastKnownFileType = text.plist.strings; name = en; path = en.lproj/InfoPlist.strings; sourceTree = "<group>"; };
		B0F143D114A24CDB001A18BD /* main.m */ = {isa = PBXFileReference; lastKnownFileType = sourcecode.c.objc; path = main.m; sourceTree = "<group>"; };
		B0F143D314A24CDB001A18BD /* TwitterIntegration-Prefix.pch */ = {isa = PBXFileReference; lastKnownFileType = sourcecode.c.h; path = "TwitterIntegration-Prefix.pch"; sourceTree = "<group>"; };
		B0F143D414A24CDB001A18BD /* VBAppDelegate.h */ = {isa = PBXFileReference; lastKnownFileType = sourcecode.c.h; path = VBAppDelegate.h; sourceTree = "<group>"; };
		B0F143D514A24CDB001A18BD /* VBAppDelegate.m */ = {isa = PBXFileReference; lastKnownFileType = sourcecode.c.objc; path = VBAppDelegate.m; sourceTree = "<group>"; };
		B0F143D814A24CDB001A18BD /* en */ = {isa = PBXFileReference; lastKnownFileType = file.storyboard; name = en; path = en.lproj/MainStoryboard.storyboard; sourceTree = "<group>"; };
		B0F143DA14A24CDB001A18BD /* VBViewController.h */ = {isa = PBXFileReference; lastKnownFileType = sourcecode.c.h; path = VBViewController.h; sourceTree = "<group>"; };
		B0F143DB14A24CDB001A18BD /* VBViewController.m */ = {isa = PBXFileReference; lastKnownFileType = sourcecode.c.objc; path = VBViewController.m; sourceTree = "<group>"; };
		B0F143E214A24CDB001A18BD /* TwitterIntegrationTests.octest */ = {isa = PBXFileReference; explicitFileType = wrapper.cfbundle; includeInIndex = 0; path = TwitterIntegrationTests.octest; sourceTree = BUILT_PRODUCTS_DIR; };
		B0F143E314A24CDB001A18BD /* SenTestingKit.framework */ = {isa = PBXFileReference; lastKnownFileType = wrapper.framework; name = SenTestingKit.framework; path = Library/Frameworks/SenTestingKit.framework; sourceTree = DEVELOPER_DIR; };
		B0F143EB14A24CDB001A18BD /* TwitterIntegrationTests-Info.plist */ = {isa = PBXFileReference; lastKnownFileType = text.plist.xml; path = "TwitterIntegrationTests-Info.plist"; sourceTree = "<group>"; };
		B0F143ED14A24CDB001A18BD /* en */ = {isa = PBXFileReference; lastKnownFileType = text.plist.strings; name = en; path = en.lproj/InfoPlist.strings; sourceTree = "<group>"; };
		B0F143EF14A24CDB001A18BD /* TwitterIntegrationTests.h */ = {isa = PBXFileReference; lastKnownFileType = sourcecode.c.h; path = TwitterIntegrationTests.h; sourceTree = "<group>"; };
		B0F143F014A24CDB001A18BD /* TwitterIntegrationTests.m */ = {isa = PBXFileReference; lastKnownFileType = sourcecode.c.objc; path = TwitterIntegrationTests.m; sourceTree = "<group>"; };
		B0F143FA14A24FB6001A18BD /* Twitter.framework */ = {isa = PBXFileReference; lastKnownFileType = wrapper.framework; name = Twitter.framework; path = System/Library/Frameworks/Twitter.framework; sourceTree = SDKROOT; };
		B0F143FC14A25897001A18BD /* MS_Monster_Guy_Fawkes.png */ = {isa = PBXFileReference; lastKnownFileType = image.png; path = MS_Monster_Guy_Fawkes.png; sourceTree = "<group>"; };
/* End PBXFileReference section */

/* Begin PBXFrameworksBuildPhase section */
		B0F143BE14A24CDB001A18BD /* Frameworks */ = {
			isa = PBXFrameworksBuildPhase;
			buildActionMask = 2147483647;
			files = (
				B0F143FB14A24FB6001A18BD /* Twitter.framework in Frameworks */,
				B0F143C614A24CDB001A18BD /* UIKit.framework in Frameworks */,
				B0F143C814A24CDB001A18BD /* Foundation.framework in Frameworks */,
				B0F143CA14A24CDB001A18BD /* CoreGraphics.framework in Frameworks */,
			);
			runOnlyForDeploymentPostprocessing = 0;
		};
		B0F143DE14A24CDB001A18BD /* Frameworks */ = {
			isa = PBXFrameworksBuildPhase;
			buildActionMask = 2147483647;
			files = (
				B0F143E414A24CDB001A18BD /* SenTestingKit.framework in Frameworks */,
				B0F143E514A24CDB001A18BD /* UIKit.framework in Frameworks */,
				B0F143E614A24CDB001A18BD /* Foundation.framework in Frameworks */,
			);
			runOnlyForDeploymentPostprocessing = 0;
		};
/* End PBXFrameworksBuildPhase section */

/* Begin PBXGroup section */
		B0F143B614A24CDA001A18BD = {
			isa = PBXGroup;
			children = (
				B0F143FA14A24FB6001A18BD /* Twitter.framework */,
				B0F143CB14A24CDB001A18BD /* TwitterIntegration */,
				B0F143E914A24CDB001A18BD /* TwitterIntegrationTests */,
				B0F143C414A24CDB001A18BD /* Frameworks */,
				B0F143C214A24CDB001A18BD /* Products */,
			);
			sourceTree = "<group>";
		};
		B0F143C214A24CDB001A18BD /* Products */ = {
			isa = PBXGroup;
			children = (
				B0F143C114A24CDB001A18BD /* TwitterIntegration.app */,
				B0F143E214A24CDB001A18BD /* TwitterIntegrationTests.octest */,
			);
			name = Products;
			sourceTree = "<group>";
		};
		B0F143C414A24CDB001A18BD /* Frameworks */ = {
			isa = PBXGroup;
			children = (
				B0F143C514A24CDB001A18BD /* UIKit.framework */,
				B0F143C714A24CDB001A18BD /* Foundation.framework */,
				B0F143C914A24CDB001A18BD /* CoreGraphics.framework */,
				B0F143E314A24CDB001A18BD /* SenTestingKit.framework */,
			);
			name = Frameworks;
			sourceTree = "<group>";
		};
		B0F143CB14A24CDB001A18BD /* TwitterIntegration */ = {
			isa = PBXGroup;
			children = (
				B0F143FC14A25897001A18BD /* MS_Monster_Guy_Fawkes.png */,
				B0F143D414A24CDB001A18BD /* VBAppDelegate.h */,
				B0F143D514A24CDB001A18BD /* VBAppDelegate.m */,
				B0F143D714A24CDB001A18BD /* MainStoryboard.storyboard */,
				B0F143DA14A24CDB001A18BD /* VBViewController.h */,
				B0F143DB14A24CDB001A18BD /* VBViewController.m */,
				B0F143CC14A24CDB001A18BD /* Supporting Files */,
			);
			path = TwitterIntegration;
			sourceTree = "<group>";
		};
		B0F143CC14A24CDB001A18BD /* Supporting Files */ = {
			isa = PBXGroup;
			children = (
				B0F143CD14A24CDB001A18BD /* TwitterIntegration-Info.plist */,
				B0F143CE14A24CDB001A18BD /* InfoPlist.strings */,
				B0F143D114A24CDB001A18BD /* main.m */,
				B0F143D314A24CDB001A18BD /* TwitterIntegration-Prefix.pch */,
			);
			name = "Supporting Files";
			sourceTree = "<group>";
		};
		B0F143E914A24CDB001A18BD /* TwitterIntegrationTests */ = {
			isa = PBXGroup;
			children = (
				B0F143EF14A24CDB001A18BD /* TwitterIntegrationTests.h */,
				B0F143F014A24CDB001A18BD /* TwitterIntegrationTests.m */,
				B0F143EA14A24CDB001A18BD /* Supporting Files */,
			);
			path = TwitterIntegrationTests;
			sourceTree = "<group>";
		};
		B0F143EA14A24CDB001A18BD /* Supporting Files */ = {
			isa = PBXGroup;
			children = (
				B0F143EB14A24CDB001A18BD /* TwitterIntegrationTests-Info.plist */,
				B0F143EC14A24CDB001A18BD /* InfoPlist.strings */,
			);
			name = "Supporting Files";
			sourceTree = "<group>";
		};
/* End PBXGroup section */

/* Begin PBXNativeTarget section */
		B0F143C014A24CDB001A18BD /* TwitterIntegration */ = {
			isa = PBXNativeTarget;
			buildConfigurationList = B0F143F414A24CDB001A18BD /* Build configuration list for PBXNativeTarget "TwitterIntegration" */;
			buildPhases = (
				B0F143BD14A24CDB001A18BD /* Sources */,
				B0F143BE14A24CDB001A18BD /* Frameworks */,
				B0F143BF14A24CDB001A18BD /* Resources */,
			);
			buildRules = (
			);
			dependencies = (
			);
			name = TwitterIntegration;
			productName = TwitterIntegration;
			productReference = B0F143C114A24CDB001A18BD /* TwitterIntegration.app */;
			productType = "com.apple.product-type.application";
		};
		B0F143E114A24CDB001A18BD /* TwitterIntegrationTests */ = {
			isa = PBXNativeTarget;
			buildConfigurationList = B0F143F714A24CDB001A18BD /* Build configuration list for PBXNativeTarget "TwitterIntegrationTests" */;
			buildPhases = (
				B0F143DD14A24CDB001A18BD /* Sources */,
				B0F143DE14A24CDB001A18BD /* Frameworks */,
				B0F143DF14A24CDB001A18BD /* Resources */,
				B0F143E014A24CDB001A18BD /* ShellScript */,
			);
			buildRules = (
			);
			dependencies = (
				B0F143E814A24CDB001A18BD /* PBXTargetDependency */,
			);
			name = TwitterIntegrationTests;
			productName = TwitterIntegrationTests;
			productReference = B0F143E214A24CDB001A18BD /* TwitterIntegrationTests.octest */;
			productType = "com.apple.product-type.bundle";
		};
/* End PBXNativeTarget section */

/* Begin PBXProject section */
		B0F143B814A24CDA001A18BD /* Project object */ = {
			isa = PBXProject;
			attributes = {
				LastUpgradeCheck = 0420;
			};
			buildConfigurationList = B0F143BB14A24CDA001A18BD /* Build configuration list for PBXProject "TwitterIntegration" */;
			compatibilityVersion = "Xcode 3.2";
			developmentRegion = English;
			hasScannedForEncodings = 0;
			knownRegions = (
				en,
			);
			mainGroup = B0F143B614A24CDA001A18BD;
			productRefGroup = B0F143C214A24CDB001A18BD /* Products */;
			projectDirPath = "";
			projectRoot = "";
			targets = (
				B0F143C014A24CDB001A18BD /* TwitterIntegration */,
				B0F143E114A24CDB001A18BD /* TwitterIntegrationTests */,
			);
		};
/* End PBXProject section */

/* Begin PBXResourcesBuildPhase section */
		B0F143BF14A24CDB001A18BD /* Resources */ = {
			isa = PBXResourcesBuildPhase;
			buildActionMask = 2147483647;
			files = (
				B0F143D014A24CDB001A18BD /* InfoPlist.strings in Resources */,
				B0F143D914A24CDB001A18BD /* MainStoryboard.storyboard in Resources */,
				B0F143FD14A25897001A18BD /* MS_Monster_Guy_Fawkes.png in Resources */,
			);
			runOnlyForDeploymentPostprocessing = 0;
		};
		B0F143DF14A24CDB001A18BD /* Resources */ = {
			isa = PBXResourcesBuildPhase;
			buildActionMask = 2147483647;
			files = (
				B0F143EE14A24CDB001A18BD /* InfoPlist.strings in Resources */,
			);
			runOnlyForDeploymentPostprocessing = 0;
		};
/* End PBXResourcesBuildPhase section */

/* Begin PBXShellScriptBuildPhase section */
		B0F143E014A24CDB001A18BD /* ShellScript */ = {
			isa = PBXShellScriptBuildPhase;
			buildActionMask = 2147483647;
			files = (
			);
			inputPaths = (
			);
			outputPaths = (
			);
			runOnlyForDeploymentPostprocessing = 0;
			shellPath = /bin/sh;
			shellScript = "# Run the unit tests in this test bundle.\n\"${SYSTEM_DEVELOPER_DIR}/Tools/RunUnitTests\"\n";
		};
/* End PBXShellScriptBuildPhase section */

/* Begin PBXSourcesBuildPhase section */
		B0F143BD14A24CDB001A18BD /* Sources */ = {
			isa = PBXSourcesBuildPhase;
			buildActionMask = 2147483647;
			files = (
				B0F143D214A24CDB001A18BD /* main.m in Sources */,
				B0F143D614A24CDB001A18BD /* VBAppDelegate.m in Sources */,
				B0F143DC14A24CDB001A18BD /* VBViewController.m in Sources */,
			);
			runOnlyForDeploymentPostprocessing = 0;
		};
		B0F143DD14A24CDB001A18BD /* Sources */ = {
			isa = PBXSourcesBuildPhase;
			buildActionMask = 2147483647;
			files = (
				B0F143F114A24CDB001A18BD /* TwitterIntegrationTests.m in Sources */,
			);
			runOnlyForDeploymentPostprocessing = 0;
		};
/* End PBXSourcesBuildPhase section */

/* Begin PBXTargetDependency section */
		B0F143E814A24CDB001A18BD /* PBXTargetDependency */ = {
			isa = PBXTargetDependency;
			target = B0F143C014A24CDB001A18BD /* TwitterIntegration */;
			targetProxy = B0F143E714A24CDB001A18BD /* PBXContainerItemProxy */;
		};
/* End PBXTargetDependency section */

/* Begin PBXVariantGroup section */
		B0F143CE14A24CDB001A18BD /* InfoPlist.strings */ = {
			isa = PBXVariantGroup;
			children = (
				B0F143CF14A24CDB001A18BD /* en */,
			);
			name = InfoPlist.strings;
			sourceTree = "<group>";
		};
		B0F143D714A24CDB001A18BD /* MainStoryboard.storyboard */ = {
			isa = PBXVariantGroup;
			children = (
				B0F143D814A24CDB001A18BD /* en */,
			);
			name = MainStoryboard.storyboard;
			sourceTree = "<group>";
		};
		B0F143EC14A24CDB001A18BD /* InfoPlist.strings */ = {
			isa = PBXVariantGroup;
			children = (
				B0F143ED14A24CDB001A18BD /* en */,
			);
			name = InfoPlist.strings;
			sourceTree = "<group>";
		};
/* End PBXVariantGroup section */

/* Begin XCBuildConfiguration section */
		B0F143F214A24CDB001A18BD /* Debug */ = {
			isa = XCBuildConfiguration;
			buildSettings = {
				ALWAYS_SEARCH_USER_PATHS = NO;
				ARCHS = "$(ARCHS_STANDARD_32_BIT)";
				CLANG_ENABLE_OBJC_ARC = YES;
				"CODE_SIGN_IDENTITY[sdk=iphoneos*]" = "iPhone Developer";
				COPY_PHASE_STRIP = NO;
				GCC_C_LANGUAGE_STANDARD = gnu99;
				GCC_DYNAMIC_NO_PIC = NO;
				GCC_OPTIMIZATION_LEVEL = 0;
				GCC_PREPROCESSOR_DEFINITIONS = (
					"DEBUG=1",
					"$(inherited)",
				);
				GCC_SYMBOLS_PRIVATE_EXTERN = NO;
				GCC_VERSION = com.apple.compilers.llvm.clang.1_0;
				GCC_WARN_ABOUT_MISSING_PROTOTYPES = YES;
				GCC_WARN_ABOUT_RETURN_TYPE = YES;
				GCC_WARN_UNUSED_VARIABLE = YES;
				IPHONEOS_DEPLOYMENT_TARGET = 5.0;
				SDKROOT = iphoneos;
			};
			name = Debug;
		};
		B0F143F314A24CDB001A18BD /* Release */ = {
			isa = XCBuildConfiguration;
			buildSettings = {
				ALWAYS_SEARCH_USER_PATHS = NO;
				ARCHS = "$(ARCHS_STANDARD_32_BIT)";
				CLANG_ENABLE_OBJC_ARC = YES;
				"CODE_SIGN_IDENTITY[sdk=iphoneos*]" = "iPhone Developer";
				COPY_PHASE_STRIP = YES;
				GCC_C_LANGUAGE_STANDARD = gnu99;
				GCC_VERSION = com.apple.compilers.llvm.clang.1_0;
				GCC_WARN_ABOUT_MISSING_PROTOTYPES = YES;
				GCC_WARN_ABOUT_RETURN_TYPE = YES;
				GCC_WARN_UNUSED_VARIABLE = YES;
				IPHONEOS_DEPLOYMENT_TARGET = 5.0;
				OTHER_CFLAGS = "-DNS_BLOCK_ASSERTIONS=1";
				SDKROOT = iphoneos;
				VALIDATE_PRODUCT = YES;
			};
			name = Release;
		};
		B0F143F514A24CDB001A18BD /* Debug */ = {
			isa = XCBuildConfiguration;
			buildSettings = {
				GCC_PRECOMPILE_PREFIX_HEADER = YES;
				GCC_PREFIX_HEADER = "TwitterIntegration/TwitterIntegration-Prefix.pch";
				INFOPLIST_FILE = "TwitterIntegration/TwitterIntegration-Info.plist";
				IPHONEOS_DEPLOYMENT_TARGET = 5.0;
				PRODUCT_NAME = "$(TARGET_NAME)";
				WRAPPER_EXTENSION = app;
			};
			name = Debug;
		};
		B0F143F614A24CDB001A18BD /* Release */ = {
			isa = XCBuildConfiguration;
			buildSettings = {
				GCC_PRECOMPILE_PREFIX_HEADER = YES;
				GCC_PREFIX_HEADER = "TwitterIntegration/TwitterIntegration-Prefix.pch";
				INFOPLIST_FILE = "TwitterIntegration/TwitterIntegration-Info.plist";
				IPHONEOS_DEPLOYMENT_TARGET = 5.0;
				PRODUCT_NAME = "$(TARGET_NAME)";
				WRAPPER_EXTENSION = app;
			};
			name = Release;
		};
		B0F143F814A24CDB001A18BD /* Debug */ = {
			isa = XCBuildConfiguration;
			buildSettings = {
				BUNDLE_LOADER = "$(BUILT_PRODUCTS_DIR)/TwitterIntegration.app/TwitterIntegration";
				FRAMEWORK_SEARCH_PATHS = (
					"$(SDKROOT)/Developer/Library/Frameworks",
					"$(DEVELOPER_LIBRARY_DIR)/Frameworks",
				);
				GCC_PRECOMPILE_PREFIX_HEADER = YES;
				GCC_PREFIX_HEADER = "TwitterIntegration/TwitterIntegration-Prefix.pch";
				INFOPLIST_FILE = "TwitterIntegrationTests/TwitterIntegrationTests-Info.plist";
				PRODUCT_NAME = "$(TARGET_NAME)";
				TEST_HOST = "$(BUNDLE_LOADER)";
				WRAPPER_EXTENSION = octest;
			};
			name = Debug;
		};
		B0F143F914A24CDB001A18BD /* Release */ = {
			isa = XCBuildConfiguration;
			buildSettings = {
				BUNDLE_LOADER = "$(BUILT_PRODUCTS_DIR)/TwitterIntegration.app/TwitterIntegration";
				FRAMEWORK_SEARCH_PATHS = (
					"$(SDKROOT)/Developer/Library/Frameworks",
					"$(DEVELOPER_LIBRARY_DIR)/Frameworks",
				);
				GCC_PRECOMPILE_PREFIX_HEADER = YES;
				GCC_PREFIX_HEADER = "TwitterIntegration/TwitterIntegration-Prefix.pch";
				INFOPLIST_FILE = "TwitterIntegrationTests/TwitterIntegrationTests-Info.plist";
				PRODUCT_NAME = "$(TARGET_NAME)";
				TEST_HOST = "$(BUNDLE_LOADER)";
				WRAPPER_EXTENSION = octest;
			};
			name = Release;
		};
/* End XCBuildConfiguration section */

/* Begin XCConfigurationList section */
		B0F143BB14A24CDA001A18BD /* Build configuration list for PBXProject "TwitterIntegration" */ = {
			isa = XCConfigurationList;
			buildConfigurations = (
				B0F143F214A24CDB001A18BD /* Debug */,
				B0F143F314A24CDB001A18BD /* Release */,
			);
			defaultConfigurationIsVisible = 0;
			defaultConfigurationName = Release;
		};
		B0F143F414A24CDB001A18BD /* Build configuration list for PBXNativeTarget "TwitterIntegration" */ = {
			isa = XCConfigurationList;
			buildConfigurations = (
				B0F143F514A24CDB001A18BD /* Debug */,
				B0F143F614A24CDB001A18BD /* Release */,
			);
			defaultConfigurationIsVisible = 0;
		};
		B0F143F714A24CDB001A18BD /* Build configuration list for PBXNativeTarget "TwitterIntegrationTests" */ = {
			isa = XCConfigurationList;
			buildConfigurations = (
				B0F143F814A24CDB001A18BD /* Debug */,
				B0F143F914A24CDB001A18BD /* Release */,
			);
			defaultConfigurationIsVisible = 0;
		};
/* End XCConfigurationList section */
	};
	rootObject = B0F143B814A24CDA001A18BD /* Project object */;
}
